Microsoft Visual Studio Solution File, Format Version 12.00
# Visual Studio 2013
VisualStudioVersion = 12.0.40629.0
MinimumVisualStudioVersion = 10.0.40219.1
Project("{FAE04EC0-301F-11D3-BF4B-00C04F79EFBC}") = "SquareFillXamarin", "SquareFillXamarin.csproj", "{5738B34A-17EB-43B6-9783-B90CA4F99315}"
EndProject
Project("{FAE04EC0-301F-11D3-BF4B-00C04F79EFBC}") = "SquareFillDomain", "SquareFillDomain\SquareFillDomain.csproj", "{E5F365EE-A413-450B-8360-D0924F5D1A6C}"
EndProject
Global
	GlobalSection(SolutionConfigurationPlatforms) = preSolution
		Ad-Hoc|Any CPU = Ad-Hoc|Any CPU
		Ad-Hoc|iPhone = Ad-Hoc|iPhone
		Ad-Hoc|iPhoneSimulator = Ad-Hoc|iPhoneSimulator
		Ad-Hoc|Mixed Platforms = Ad-Hoc|Mixed Platforms
		AppStore|Any CPU = AppStore|Any CPU
		AppStore|iPhone = AppStore|iPhone
		AppStore|iPhoneSimulator = AppStore|iPhoneSimulator
		AppStore|Mixed Platforms = AppStore|Mixed Platforms
		Debug|Any CPU = Debug|Any CPU
		Debug|iPhone = Debug|iPhone
		Debug|iPhoneSimulator = Debug|iPhoneSimulator
		Debug|Mixed Platforms = Debug|Mixed Platforms
		Release|Any CPU = Release|Any CPU
		Release|iPhone = Release|iPhone
		Release|iPhoneSimulator = Release|iPhoneSimulator
		Release|Mixed Platforms = Release|Mixed Platforms
	EndGlobalSection
	GlobalSection(ProjectConfigurationPlatforms) = postSolution
		{5738B34A-17EB-43B6-9783-B90CA4F99315}.Ad-Hoc|Any CPU.ActiveCfg = Release|iPhoneSimulator
		{5738B34A-17EB-43B6-9783-B90CA4F99315}.Ad-Hoc|iPhone.ActiveCfg = Release|iPhone
		{5738B34A-17EB-43B6-9783-B90CA4F99315}.Ad-Hoc|iPhone.Build.0 = Release|iPhone
		{5738B34A-17EB-43B6-9783-B90CA4F99315}.Ad-Hoc|iPhoneSimulator.ActiveCfg = Release|iPhoneSimulator
		{5738B34A-17EB-43B6-9783-B90CA4F99315}.Ad-Hoc|iPhoneSimulator.Build.0 = Release|iPhoneSimulator
		{5738B34A-17EB-43B6-9783-B90CA4F99315}.Ad-Hoc|Mixed Platforms.ActiveCfg = Release|iPhoneSimulator
		{5738B34A-17EB-43B6-9783-B90CA4F99315}.Ad-Hoc|Mixed Platforms.Build.0 = Release|iPhoneSimulator
		{5738B34A-17EB-43B6-9783-B90CA4F99315}.AppStore|Any CPU.ActiveCfg = Release|iPhoneSimulator
		{5738B34A-17EB-43B6-9783-B90CA4F99315}.AppStore|iPhone.ActiveCfg = Release|iPhone
		{5738B34A-17EB-43B6-9783-B90CA4F99315}.AppStore|iPhone.Build.0 = Release|iPhone
		{5738B34A-17EB-43B6-9783-B90CA4F99315}.AppStore|iPhoneSimulator.ActiveCfg = Release|iPhoneSimulator
		{5738B34A-17EB-43B6-9783-B90CA4F99315}.AppStore|iPhoneSimulator.Build.0 = Release|iPhoneSimulator
		{5738B34A-17EB-43B6-9783-B90CA4F99315}.AppStore|Mixed Platforms.ActiveCfg = Release|iPhoneSimulator
		{5738B34A-17EB-43B6-9783-B90CA4F99315}.AppStore|Mixed Platforms.Build.0 = Release|iPhoneSimulator
		{5738B34A-17EB-43B6-9783-B90CA4F99315}.Debug|Any CPU.ActiveCfg = Debug|iPhoneSimulator
		{5738B34A-17EB-43B6-9783-B90CA4F99315}.Debug|iPhone.ActiveCfg = Debug|iPhone
		{5738B34A-17EB-43B6-9783-B90CA4F99315}.Debug|iPhone.Build.0 = Debug|iPhone
		{5738B34A-17EB-43B6-9783-B90CA4F99315}.Debug|iPhoneSimulator.ActiveCfg = Debug|iPhoneSimulator
		{5738B34A-17EB-43B6-9783-B90CA4F99315}.Debug|iPhoneSimulator.Build.0 = Debug|iPhoneSimulator
		{5738B34A-17EB-43B6-9783-B90CA4F99315}.Debug|Mixed Platforms.ActiveCfg = Debug|iPhoneSimulator
		{5738B34A-17EB-43B6-9783-B90CA4F99315}.Debug|Mixed Platforms.Build.0 = Debug|iPhoneSimulator
		{5738B34A-17EB-43B6-9783-B90CA4F99315}.Release|Any CPU.ActiveCfg = Release|iPhoneSimulator
		{5738B34A-17EB-43B6-9783-B90CA4F99315}.Release|iPhone.ActiveCfg = Release|iPhone
		{5738B34A-17EB-43B6-9783-B90CA4F99315}.Release|iPhone.Build.0 = Release|iPhone
		{5738B34A-17EB-43B6-9783-B90CA4F99315}.Release|iPhoneSimulator.ActiveCfg = Release|iPhoneSimulator
		{5738B34A-17EB-43B6-9783-B90CA4F99315}.Release|iPhoneSimulator.Build.0 = Release|iPhoneSimulator
		{5738B34A-17EB-43B6-9783-B90CA4F99315}.Release|Mixed Platforms.ActiveCfg = Release|iPhoneSimulator
		{5738B34A-17EB-43B6-9783-B90CA4F99315}.Release|Mixed Platforms.Build.0 = Release|iPhoneSimulator
		{E5F365EE-A413-450B-8360-D0924F5D1A6C}.Ad-Hoc|Any CPU.ActiveCfg = Release|Any CPU
		{E5F365EE-A413-450B-8360-D0924F5D1A6C}.Ad-Hoc|Any CPU.Build.0 = Release|Any CPU
		{E5F365EE-A413-450B-8360-D0924F5D1A6C}.Ad-Hoc|iPhone.ActiveCfg = Release|Any CPU
		{E5F365EE-A413-450B-8360-D0924F5D1A6C}.Ad-Hoc|iPhoneSimulator.ActiveCfg = Release|Any CPU
		{E5F365EE-A413-450B-8360-D0924F5D1A6C}.Ad-Hoc|Mixed Platforms.ActiveCfg = Release|Any CPU
		{E5F365EE-A413-450B-8360-D0924F5D1A6C}.Ad-Hoc|Mixed Platforms.Build.0 = Release|Any CPU
		{E5F365EE-A413-450B-8360-D0924F5D1A6C}.AppStore|Any CPU.ActiveCfg = Release|Any CPU
		{E5F365EE-A413-450B-8360-D0924F5D1A6C}.AppStore|Any CPU.Build.0 = Release|Any CPU
		{E5F365EE-A413-450B-8360-D0924F5D1A6C}.AppStore|iPhone.ActiveCfg = Release|Any CPU
		{E5F365EE-A413-450B-8360-D0924F5D1A6C}.AppStore|iPhoneSimulator.ActiveCfg = Release|Any CPU
		{E5F365EE-A413-450B-8360-D0924F5D1A6C}.AppStore|Mixed Platforms.ActiveCfg = Release|Any CPU
		{E5F365EE-A413-450B-8360-D0924F5D1A6C}.AppStore|Mixed Platforms.Build.0 = Release|Any CPU
		{E5F365EE-A413-450B-8360-D0924F5D1A6C}.Debug|Any CPU.ActiveCfg = Debug|Any CPU
		{E5F365EE-A413-450B-8360-D0924F5D1A6C}.Debug|Any CPU.Build.0 = Debug|Any CPU
		{E5F365EE-A413-450B-8360-D0924F5D1A6C}.Debug|iPhone.ActiveCfg = Debug|Any CPU
		{E5F365EE-A413-450B-8360-D0924F5D1A6C}.Debug|iPhoneSimulator.ActiveCfg = Debug|Any CPU
		{E5F365EE-A413-450B-8360-D0924F5D1A6C}.Debug|Mixed Platforms.ActiveCfg = Debug|Any CPU
		{E5F365EE-A413-450B-8360-D0924F5D1A6C}.Debug|Mixed Platforms.Build.0 = Debug|Any CPU
		{E5F365EE-A413-450B-8360-D0924F5D1A6C}.Release|Any CPU.ActiveCfg = Release|Any CPU
		{E5F365EE-A413-450B-8360-D0924F5D1A6C}.Release|Any CPU.Build.0 = Release|Any CPU
		{E5F365EE-A413-450B-8360-D0924F5D1A6C}.Release|iPhone.ActiveCfg = Release|Any CPU
		{E5F365EE-A413-450B-8360-D0924F5D1A6C}.Release|iPhoneSimulator.ActiveCfg = Release|Any CPU
		{E5F365EE-A413-450B-8360-D0924F5D1A6C}.Release|Mixed Platforms.ActiveCfg = Release|Any CPU
		{E5F365EE-A413-450B-8360-D0924F5D1A6C}.Release|Mixed Platforms.Build.0 = Release|Any CPU
	EndGlobalSection
	GlobalSection(SolutionProperties) = preSolution
		HideSolutionNode = FALSE
	EndGlobalSection
EndGlobal
