Microsoft Visual Studio Solution File, Format Version 12.00
# Visual Studio 2013
VisualStudioVersion = 12.0.40629.0
MinimumVisualStudioVersion = 10.0.40219.1
Project("{FAE04EC0-301F-11D3-BF4B-00C04F79EFBC}") = "SquareFillXamarin", "SquareFillXamarin.csproj", "{5738B34A-17EB-43B6-9783-B90CA4F99315}"
EndProject
Project("{FAE04EC0-301F-11D3-BF4B-00C04F79EFBC}") = "UnitTests", "..\UnitTests\UnitTests.csproj", "{7FD3C5FC-F5B2-46A9-B40E-A559D7A1AEED}"
EndProject
Project("{FAE04EC0-301F-11D3-BF4B-00C04F79EFBC}") = "SquareFillDomain", "SquareFillDomain\SquareFillDomain.csproj", "{09BC4A61-D530-415E-AB30-EF00D956DA11}"
EndProject
Global
	GlobalSection(SolutionConfigurationPlatforms) = preSolution
		Ad-Hoc|Any CPU = Ad-Hoc|Any CPU
		Ad-Hoc|iPhone = Ad-Hoc|iPhone
		Ad-Hoc|iPhoneSimulator = Ad-Hoc|iPhoneSimulator
		Ad-Hoc|Mixed Platforms = Ad-Hoc|Mixed Platforms
		AppStore|Any CPU = AppStore|Any CPU
		AppStore|iPhone = AppStore|iPhone
		AppStore|iPhoneSimulator = AppStore|iPhoneSimulator
		AppStore|Mixed Platforms = AppStore|Mixed Platforms
		Debug|Any CPU = Debug|Any CPU
		Debug|iPhone = Debug|iPhone
		Debug|iPhoneSimulator = Debug|iPhoneSimulator
		Debug|Mixed Platforms = Debug|Mixed Platforms
		Release|Any CPU = Release|Any CPU
		Release|iPhone = Release|iPhone
		Release|iPhoneSimulator = Release|iPhoneSimulator
		Release|Mixed Platforms = Release|Mixed Platforms
	EndGlobalSection
	GlobalSection(ProjectConfigurationPlatforms) = postSolution
		{5738B34A-17EB-43B6-9783-B90CA4F99315}.Ad-Hoc|Any CPU.ActiveCfg = Release|iPhoneSimulator
		{5738B34A-17EB-43B6-9783-B90CA4F99315}.Ad-Hoc|iPhone.ActiveCfg = Release|iPhone
		{5738B34A-17EB-43B6-9783-B90CA4F99315}.Ad-Hoc|iPhone.Build.0 = Release|iPhone
		{5738B34A-17EB-43B6-9783-B90CA4F99315}.Ad-Hoc|iPhoneSimulator.ActiveCfg = Release|iPhoneSimulator
		{5738B34A-17EB-43B6-9783-B90CA4F99315}.Ad-Hoc|iPhoneSimulator.Build.0 = Release|iPhoneSimulator
		{5738B34A-17EB-43B6-9783-B90CA4F99315}.Ad-Hoc|Mixed Platforms.ActiveCfg = Release|iPhoneSimulator
		{5738B34A-17EB-43B6-9783-B90CA4F99315}.Ad-Hoc|Mixed Platforms.Build.0 = Release|iPhoneSimulator
		{5738B34A-17EB-43B6-9783-B90CA4F99315}.AppStore|Any CPU.ActiveCfg = Release|iPhoneSimulator
		{5738B34A-17EB-43B6-9783-B90CA4F99315}.AppStore|iPhone.ActiveCfg = Release|iPhone
		{5738B34A-17EB-43B6-9783-B90CA4F99315}.AppStore|iPhone.Build.0 = Release|iPhone
		{5738B34A-17EB-43B6-9783-B90CA4F99315}.AppStore|iPhoneSimulator.ActiveCfg = Release|iPhoneSimulator
		{5738B34A-17EB-43B6-9783-B90CA4F99315}.AppStore|iPhoneSimulator.Build.0 = Release|iPhoneSimulator
		{5738B34A-17EB-43B6-9783-B90CA4F99315}.AppStore|Mixed Platforms.ActiveCfg = Release|iPhoneSimulator
		{5738B34A-17EB-43B6-9783-B90CA4F99315}.AppStore|Mixed Platforms.Build.0 = Release|iPhoneSimulator
		{5738B34A-17EB-43B6-9783-B90CA4F99315}.Debug|Any CPU.ActiveCfg = Debug|iPhoneSimulator
		{5738B34A-17EB-43B6-9783-B90CA4F99315}.Debug|iPhone.ActiveCfg = Debug|iPhone
		{5738B34A-17EB-43B6-9783-B90CA4F99315}.Debug|iPhone.Build.0 = Debug|iPhone
		{5738B34A-17EB-43B6-9783-B90CA4F99315}.Debug|iPhoneSimulator.ActiveCfg = Debug|iPhoneSimulator
		{5738B34A-17EB-43B6-9783-B90CA4F99315}.Debug|iPhoneSimulator.Build.0 = Debug|iPhoneSimulator
		{5738B34A-17EB-43B6-9783-B90CA4F99315}.Debug|Mixed Platforms.ActiveCfg = Debug|iPhoneSimulator
		{5738B34A-17EB-43B6-9783-B90CA4F99315}.Debug|Mixed Platforms.Build.0 = Debug|iPhoneSimulator
		{5738B34A-17EB-43B6-9783-B90CA4F99315}.Release|Any CPU.ActiveCfg = Release|iPhoneSimulator
		{5738B34A-17EB-43B6-9783-B90CA4F99315}.Release|iPhone.ActiveCfg = Release|iPhone
		{5738B34A-17EB-43B6-9783-B90CA4F99315}.Release|iPhone.Build.0 = Release|iPhone
		{5738B34A-17EB-43B6-9783-B90CA4F99315}.Release|iPhoneSimulator.ActiveCfg = Release|iPhoneSimulator
		{5738B34A-17EB-43B6-9783-B90CA4F99315}.Release|iPhoneSimulator.Build.0 = Release|iPhoneSimulator
		{5738B34A-17EB-43B6-9783-B90CA4F99315}.Release|Mixed Platforms.ActiveCfg = Release|iPhoneSimulator
		{5738B34A-17EB-43B6-9783-B90CA4F99315}.Release|Mixed Platforms.Build.0 = Release|iPhoneSimulator
		{7FD3C5FC-F5B2-46A9-B40E-A559D7A1AEED}.Ad-Hoc|Any CPU.ActiveCfg = Ad-Hoc|iPhone
		{7FD3C5FC-F5B2-46A9-B40E-A559D7A1AEED}.Ad-Hoc|iPhone.ActiveCfg = Ad-Hoc|iPhone
		{7FD3C5FC-F5B2-46A9-B40E-A559D7A1AEED}.Ad-Hoc|iPhone.Build.0 = Ad-Hoc|iPhone
		{7FD3C5FC-F5B2-46A9-B40E-A559D7A1AEED}.Ad-Hoc|iPhoneSimulator.ActiveCfg = Ad-Hoc|iPhoneSimulator
		{7FD3C5FC-F5B2-46A9-B40E-A559D7A1AEED}.Ad-Hoc|iPhoneSimulator.Build.0 = Ad-Hoc|iPhoneSimulator
		{7FD3C5FC-F5B2-46A9-B40E-A559D7A1AEED}.Ad-Hoc|Mixed Platforms.ActiveCfg = Ad-Hoc|iPhone
		{7FD3C5FC-F5B2-46A9-B40E-A559D7A1AEED}.Ad-Hoc|Mixed Platforms.Build.0 = Ad-Hoc|iPhone
		{7FD3C5FC-F5B2-46A9-B40E-A559D7A1AEED}.AppStore|Any CPU.ActiveCfg = AppStore|iPhone
		{7FD3C5FC-F5B2-46A9-B40E-A559D7A1AEED}.AppStore|iPhone.ActiveCfg = AppStore|iPhone
		{7FD3C5FC-F5B2-46A9-B40E-A559D7A1AEED}.AppStore|iPhone.Build.0 = AppStore|iPhone
		{7FD3C5FC-F5B2-46A9-B40E-A559D7A1AEED}.AppStore|iPhoneSimulator.ActiveCfg = AppStore|iPhoneSimulator
		{7FD3C5FC-F5B2-46A9-B40E-A559D7A1AEED}.AppStore|iPhoneSimulator.Build.0 = AppStore|iPhoneSimulator
		{7FD3C5FC-F5B2-46A9-B40E-A559D7A1AEED}.AppStore|Mixed Platforms.ActiveCfg = AppStore|iPhone
		{7FD3C5FC-F5B2-46A9-B40E-A559D7A1AEED}.AppStore|Mixed Platforms.Build.0 = AppStore|iPhone
		{7FD3C5FC-F5B2-46A9-B40E-A559D7A1AEED}.Debug|Any CPU.ActiveCfg = Debug|iPhone
		{7FD3C5FC-F5B2-46A9-B40E-A559D7A1AEED}.Debug|iPhone.ActiveCfg = Debug|iPhone
		{7FD3C5FC-F5B2-46A9-B40E-A559D7A1AEED}.Debug|iPhone.Build.0 = Debug|iPhone
		{7FD3C5FC-F5B2-46A9-B40E-A559D7A1AEED}.Debug|iPhoneSimulator.ActiveCfg = Debug|iPhoneSimulator
		{7FD3C5FC-F5B2-46A9-B40E-A559D7A1AEED}.Debug|iPhoneSimulator.Build.0 = Debug|iPhoneSimulator
		{7FD3C5FC-F5B2-46A9-B40E-A559D7A1AEED}.Debug|Mixed Platforms.ActiveCfg = Debug|iPhone
		{7FD3C5FC-F5B2-46A9-B40E-A559D7A1AEED}.Debug|Mixed Platforms.Build.0 = Debug|iPhone
		{7FD3C5FC-F5B2-46A9-B40E-A559D7A1AEED}.Release|Any CPU.ActiveCfg = Release|iPhone
		{7FD3C5FC-F5B2-46A9-B40E-A559D7A1AEED}.Release|iPhone.ActiveCfg = Release|iPhone
		{7FD3C5FC-F5B2-46A9-B40E-A559D7A1AEED}.Release|iPhone.Build.0 = Release|iPhone
		{7FD3C5FC-F5B2-46A9-B40E-A559D7A1AEED}.Release|iPhoneSimulator.ActiveCfg = Release|iPhoneSimulator
		{7FD3C5FC-F5B2-46A9-B40E-A559D7A1AEED}.Release|iPhoneSimulator.Build.0 = Release|iPhoneSimulator
		{7FD3C5FC-F5B2-46A9-B40E-A559D7A1AEED}.Release|Mixed Platforms.ActiveCfg = Release|iPhone
		{7FD3C5FC-F5B2-46A9-B40E-A559D7A1AEED}.Release|Mixed Platforms.Build.0 = Release|iPhone
		{09BC4A61-D530-415E-AB30-EF00D956DA11}.Ad-Hoc|Any CPU.ActiveCfg = Release|Any CPU
		{09BC4A61-D530-415E-AB30-EF00D956DA11}.Ad-Hoc|Any CPU.Build.0 = Release|Any CPU
		{09BC4A61-D530-415E-AB30-EF00D956DA11}.Ad-Hoc|iPhone.ActiveCfg = Release|Any CPU
		{09BC4A61-D530-415E-AB30-EF00D956DA11}.Ad-Hoc|iPhoneSimulator.ActiveCfg = Release|Any CPU
		{09BC4A61-D530-415E-AB30-EF00D956DA11}.Ad-Hoc|Mixed Platforms.ActiveCfg = Release|Any CPU
		{09BC4A61-D530-415E-AB30-EF00D956DA11}.Ad-Hoc|Mixed Platforms.Build.0 = Release|Any CPU
		{09BC4A61-D530-415E-AB30-EF00D956DA11}.AppStore|Any CPU.ActiveCfg = Release|Any CPU
		{09BC4A61-D530-415E-AB30-EF00D956DA11}.AppStore|Any CPU.Build.0 = Release|Any CPU
		{09BC4A61-D530-415E-AB30-EF00D956DA11}.AppStore|iPhone.ActiveCfg = Release|Any CPU
		{09BC4A61-D530-415E-AB30-EF00D956DA11}.AppStore|iPhoneSimulator.ActiveCfg = Release|Any CPU
		{09BC4A61-D530-415E-AB30-EF00D956DA11}.AppStore|Mixed Platforms.ActiveCfg = Release|Any CPU
		{09BC4A61-D530-415E-AB30-EF00D956DA11}.AppStore|Mixed Platforms.Build.0 = Release|Any CPU
		{09BC4A61-D530-415E-AB30-EF00D956DA11}.Debug|Any CPU.ActiveCfg = Debug|Any CPU
		{09BC4A61-D530-415E-AB30-EF00D956DA11}.Debug|Any CPU.Build.0 = Debug|Any CPU
		{09BC4A61-D530-415E-AB30-EF00D956DA11}.Debug|iPhone.ActiveCfg = Debug|Any CPU
		{09BC4A61-D530-415E-AB30-EF00D956DA11}.Debug|iPhoneSimulator.ActiveCfg = Debug|Any CPU
		{09BC4A61-D530-415E-AB30-EF00D956DA11}.Debug|Mixed Platforms.ActiveCfg = Debug|Any CPU
		{09BC4A61-D530-415E-AB30-EF00D956DA11}.Debug|Mixed Platforms.Build.0 = Debug|Any CPU
		{09BC4A61-D530-415E-AB30-EF00D956DA11}.Release|Any CPU.ActiveCfg = Release|Any CPU
		{09BC4A61-D530-415E-AB30-EF00D956DA11}.Release|Any CPU.Build.0 = Release|Any CPU
		{09BC4A61-D530-415E-AB30-EF00D956DA11}.Release|iPhone.ActiveCfg = Release|Any CPU
		{09BC4A61-D530-415E-AB30-EF00D956DA11}.Release|iPhoneSimulator.ActiveCfg = Release|Any CPU
		{09BC4A61-D530-415E-AB30-EF00D956DA11}.Release|Mixed Platforms.ActiveCfg = Release|Any CPU
		{09BC4A61-D530-415E-AB30-EF00D956DA11}.Release|Mixed Platforms.Build.0 = Release|Any CPU
	EndGlobalSection
	GlobalSection(SolutionProperties) = preSolution
		HideSolutionNode = FALSE
	EndGlobalSection
EndGlobal
